// !$*UTF8*$!
{
	archiveVersion = 1;
	classes = {
	};
	objectVersion = 46;
	objects = {

/* Begin PBXBuildFile section */
		A92EBBB675E56B0BF7862029 /* Pods_NewProject.framework in Frameworks */ = {isa = PBXBuildFile; fileRef = C935385B06C51E58FCAF8D27 /* Pods_NewProject.framework */; };
		BA971BD71EF42B1E00226A99 /* scrollviewcells.xib in Resources */ = {isa = PBXBuildFile; fileRef = BA971BD61EF42B1E00226A99 /* scrollviewcells.xib */; };
		BA971BD91EF42FC200226A99 /* BufferPageViewController.swift in Sources */ = {isa = PBXBuildFile; fileRef = BA971BD81EF42FC200226A99 /* BufferPageViewController.swift */; };
		BA971BDB1EF439C700226A99 /* Delay.swift in Sources */ = {isa = PBXBuildFile; fileRef = BA971BDA1EF439C700226A99 /* Delay.swift */; };
		BA971BDF1EF4475700226A99 /* Table View Cell Model.swift in Sources */ = {isa = PBXBuildFile; fileRef = BA971BDE1EF4475700226A99 /* Table View Cell Model.swift */; };
		BA971BE11EF4488000226A99 /* File.swift in Sources */ = {isa = PBXBuildFile; fileRef = BA971BE01EF4488000226A99 /* File.swift */; };
		BAB816ED1EF29590001458D5 /* GoogleService-Info (1).plist in Resources */ = {isa = PBXBuildFile; fileRef = BAB816EC1EF29590001458D5 /* GoogleService-Info (1).plist */; };
		BADB0A321EEC083C009C4206 /* AppDelegate.swift in Sources */ = {isa = PBXBuildFile; fileRef = BADB0A311EEC083C009C4206 /* AppDelegate.swift */; };
		BADB0A341EEC083C009C4206 /* LoginViewController.swift in Sources */ = {isa = PBXBuildFile; fileRef = BADB0A331EEC083C009C4206 /* LoginViewController.swift */; };
		BADB0A371EEC083C009C4206 /* Main.storyboard in Resources */ = {isa = PBXBuildFile; fileRef = BADB0A351EEC083C009C4206 /* Main.storyboard */; };
		BADB0A391EEC083C009C4206 /* Assets.xcassets in Resources */ = {isa = PBXBuildFile; fileRef = BADB0A381EEC083C009C4206 /* Assets.xcassets */; };
		BADB0A3C1EEC083C009C4206 /* LaunchScreen.storyboard in Resources */ = {isa = PBXBuildFile; fileRef = BADB0A3A1EEC083C009C4206 /* LaunchScreen.storyboard */; };
		BADB0A441EEC098C009C4206 /* HomePageViewController.swift in Sources */ = {isa = PBXBuildFile; fileRef = BADB0A431EEC098C009C4206 /* HomePageViewController.swift */; };
		BADB0A481EEC0AE7009C4206 /* SideScrollViewController.swift in Sources */ = {isa = PBXBuildFile; fileRef = BADB0A471EEC0AE7009C4206 /* SideScrollViewController.swift */; };
		BADB0A4A1EEC0F6A009C4206 /* TableViewController.swift in Sources */ = {isa = PBXBuildFile; fileRef = BADB0A491EEC0F6A009C4206 /* TableViewController.swift */; };
/* End PBXBuildFile section */

/* Begin PBXFileReference section */
		965D2405DECD23521ECD2F78 /* Pods-NewProject.debug.xcconfig */ = {isa = PBXFileReference; includeInIndex = 1; lastKnownFileType = text.xcconfig; name = "Pods-NewProject.debug.xcconfig"; path = "Pods/Target Support Files/Pods-NewProject/Pods-NewProject.debug.xcconfig"; sourceTree = "<group>"; };
		9E2554E500B593A452580DA4 /* Pods-NewProject.release.xcconfig */ = {isa = PBXFileReference; includeInIndex = 1; lastKnownFileType = text.xcconfig; name = "Pods-NewProject.release.xcconfig"; path = "Pods/Target Support Files/Pods-NewProject/Pods-NewProject.release.xcconfig"; sourceTree = "<group>"; };
		BA971BD61EF42B1E00226A99 /* scrollviewcells.xib */ = {isa = PBXFileReference; fileEncoding = 4; lastKnownFileType = file.xib; path = scrollviewcells.xib; sourceTree = "<group>"; };
		BA971BD81EF42FC200226A99 /* BufferPageViewController.swift */ = {isa = PBXFileReference; fileEncoding = 4; lastKnownFileType = sourcecode.swift; path = BufferPageViewController.swift; sourceTree = "<group>"; };
		BA971BDA1EF439C700226A99 /* Delay.swift */ = {isa = PBXFileReference; fileEncoding = 4; lastKnownFileType = sourcecode.swift; name = Delay.swift; path = NewProject/Delay.swift; sourceTree = "<group>"; };
		BA971BDE1EF4475700226A99 /* Table View Cell Model.swift */ = {isa = PBXFileReference; fileEncoding = 4; lastKnownFileType = sourcecode.swift; path = "Table View Cell Model.swift"; sourceTree = "<group>"; };
		BA971BE01EF4488000226A99 /* File.swift */ = {isa = PBXFileReference; fileEncoding = 4; lastKnownFileType = sourcecode.swift; path = File.swift; sourceTree = "<group>"; };
		BAB816EC1EF29590001458D5 /* GoogleService-Info (1).plist */ = {isa = PBXFileReference; fileEncoding = 4; lastKnownFileType = text.plist.xml; name = "GoogleService-Info (1).plist"; path = "../../../../Downloads/GoogleService-Info (1).plist"; sourceTree = "<group>"; };
		BADB0A2E1EEC083C009C4206 /* NewProject.app */ = {isa = PBXFileReference; explicitFileType = wrapper.application; includeInIndex = 0; path = NewProject.app; sourceTree = BUILT_PRODUCTS_DIR; };
		BADB0A311EEC083C009C4206 /* AppDelegate.swift */ = {isa = PBXFileReference; lastKnownFileType = sourcecode.swift; path = AppDelegate.swift; sourceTree = "<group>"; };
		BADB0A331EEC083C009C4206 /* LoginViewController.swift */ = {isa = PBXFileReference; lastKnownFileType = sourcecode.swift; path = LoginViewController.swift; sourceTree = "<group>"; };
		BADB0A361EEC083C009C4206 /* Base */ = {isa = PBXFileReference; lastKnownFileType = file.storyboard; name = Base; path = Base.lproj/Main.storyboard; sourceTree = "<group>"; };
		BADB0A381EEC083C009C4206 /* Assets.xcassets */ = {isa = PBXFileReference; lastKnownFileType = folder.assetcatalog; path = Assets.xcassets; sourceTree = "<group>"; };
		BADB0A3B1EEC083C009C4206 /* Base */ = {isa = PBXFileReference; lastKnownFileType = file.storyboard; name = Base; path = Base.lproj/LaunchScreen.storyboard; sourceTree = "<group>"; };
		BADB0A3D1EEC083C009C4206 /* Info.plist */ = {isa = PBXFileReference; lastKnownFileType = text.plist.xml; path = Info.plist; sourceTree = "<group>"; };
		BADB0A431EEC098C009C4206 /* HomePageViewController.swift */ = {isa = PBXFileReference; fileEncoding = 4; lastKnownFileType = sourcecode.swift; path = HomePageViewController.swift; sourceTree = "<group>"; };
		BADB0A471EEC0AE7009C4206 /* SideScrollViewController.swift */ = {isa = PBXFileReference; fileEncoding = 4; lastKnownFileType = sourcecode.swift; path = SideScrollViewController.swift; sourceTree = "<group>"; };
		BADB0A491EEC0F6A009C4206 /* TableViewController.swift */ = {isa = PBXFileReference; fileEncoding = 4; lastKnownFileType = sourcecode.swift; path = TableViewController.swift; sourceTree = "<group>"; };
		C935385B06C51E58FCAF8D27 /* Pods_NewProject.framework */ = {isa = PBXFileReference; explicitFileType = wrapper.framework; includeInIndex = 0; path = Pods_NewProject.framework; sourceTree = BUILT_PRODUCTS_DIR; };
/* End PBXFileReference section */

/* Begin PBXFrameworksBuildPhase section */
		BADB0A2B1EEC083C009C4206 /* Frameworks */ = {
			isa = PBXFrameworksBuildPhase;
			buildActionMask = 2147483647;
			files = (
				A92EBBB675E56B0BF7862029 /* Pods_NewProject.framework in Frameworks */,
			);
			runOnlyForDeploymentPostprocessing = 0;
		};
/* End PBXFrameworksBuildPhase section */

/* Begin PBXGroup section */
		887EBC96D8DCCE572F2111FD /* Frameworks */ = {
			isa = PBXGroup;
			children = (
				C935385B06C51E58FCAF8D27 /* Pods_NewProject.framework */,
			);
			name = Frameworks;
			sourceTree = "<group>";
		};
		BADB0A251EEC083C009C4206 = {
			isa = PBXGroup;
			children = (
				BADB0A471EEC0AE7009C4206 /* SideScrollViewController.swift */,
				BADB0A491EEC0F6A009C4206 /* TableViewController.swift */,
				BA971BDA1EF439C700226A99 /* Delay.swift */,
				BADB0A301EEC083C009C4206 /* NewProject */,
				BADB0A2F1EEC083C009C4206 /* Products */,
				DFBFD70259088B3772EE0B6A /* Pods */,
				887EBC96D8DCCE572F2111FD /* Frameworks */,
			);
			sourceTree = "<group>";
		};
		BADB0A2F1EEC083C009C4206 /* Products */ = {
			isa = PBXGroup;
			children = (
				BADB0A2E1EEC083C009C4206 /* NewProject.app */,
			);
			name = Products;
			sourceTree = "<group>";
		};
		BADB0A301EEC083C009C4206 /* NewProject */ = {
			isa = PBXGroup;
			children = (
				BADB0A311EEC083C009C4206 /* AppDelegate.swift */,
				BADB0A331EEC083C009C4206 /* LoginViewController.swift */,
				BA971BD61EF42B1E00226A99 /* scrollviewcells.xib */,
				BADB0A431EEC098C009C4206 /* HomePageViewController.swift */,
				BA971BD81EF42FC200226A99 /* BufferPageViewController.swift */,
				BA971BDE1EF4475700226A99 /* Table View Cell Model.swift */,
				BA971BE01EF4488000226A99 /* File.swift */,
				BADB0A351EEC083C009C4206 /* Main.storyboard */,
				BADB0A381EEC083C009C4206 /* Assets.xcassets */,
				BADB0A3A1EEC083C009C4206 /* LaunchScreen.storyboard */,
				BADB0A3D1EEC083C009C4206 /* Info.plist */,
				BAB816EC1EF29590001458D5 /* GoogleService-Info (1).plist */,
			);
			path = NewProject;
			sourceTree = "<group>";
		};
		DFBFD70259088B3772EE0B6A /* Pods */ = {
			isa = PBXGroup;
			children = (
				965D2405DECD23521ECD2F78 /* Pods-NewProject.debug.xcconfig */,
				9E2554E500B593A452580DA4 /* Pods-NewProject.release.xcconfig */,
			);
			name = Pods;
			sourceTree = "<group>";
		};
/* End PBXGroup section */

/* Begin PBXNativeTarget section */
		BADB0A2D1EEC083C009C4206 /* NewProject */ = {
			isa = PBXNativeTarget;
			buildConfigurationList = BADB0A401EEC083D009C4206 /* Build configuration list for PBXNativeTarget "NewProject" */;
			buildPhases = (
				02D7C244E85130905975A36E /* [CP] Check Pods Manifest.lock */,
				BADB0A2A1EEC083C009C4206 /* Sources */,
				BADB0A2B1EEC083C009C4206 /* Frameworks */,
				BADB0A2C1EEC083C009C4206 /* Resources */,
				C4FE50DDE0754A7EC4ECC88A /* [CP] Embed Pods Frameworks */,
				F229E00EFCF027EE533BE852 /* [CP] Copy Pods Resources */,
			);
			buildRules = (
			);
			dependencies = (
			);
			name = NewProject;
			productName = NewProject;
			productReference = BADB0A2E1EEC083C009C4206 /* NewProject.app */;
			productType = "com.apple.product-type.application";
		};
/* End PBXNativeTarget section */

/* Begin PBXProject section */
		BADB0A261EEC083C009C4206 /* Project object */ = {
			isa = PBXProject;
			attributes = {
				LastSwiftUpdateCheck = 0830;
				LastUpgradeCheck = 0830;
				ORGANIZATIONNAME = "Yeo Hwee Lin";
				TargetAttributes = {
					BADB0A2D1EEC083C009C4206 = {
						CreatedOnToolsVersion = 8.3.2;
						ProvisioningStyle = Automatic;
					};
				};
			};
			buildConfigurationList = BADB0A291EEC083C009C4206 /* Build configuration list for PBXProject "NewProject" */;
			compatibilityVersion = "Xcode 3.2";
			developmentRegion = English;
			hasScannedForEncodings = 0;
			knownRegions = (
				en,
				Base,
			);
			mainGroup = BADB0A251EEC083C009C4206;
			productRefGroup = BADB0A2F1EEC083C009C4206 /* Products */;
			projectDirPath = "";
			projectRoot = "";
			targets = (
				BADB0A2D1EEC083C009C4206 /* NewProject */,
			);
		};
/* End PBXProject section */

/* Begin PBXResourcesBuildPhase section */
		BADB0A2C1EEC083C009C4206 /* Resources */ = {
			isa = PBXResourcesBuildPhase;
			buildActionMask = 2147483647;
			files = (
				BADB0A3C1EEC083C009C4206 /* LaunchScreen.storyboard in Resources */,
				BA971BD71EF42B1E00226A99 /* scrollviewcells.xib in Resources */,
				BADB0A391EEC083C009C4206 /* Assets.xcassets in Resources */,
				BADB0A371EEC083C009C4206 /* Main.storyboard in Resources */,
				BAB816ED1EF29590001458D5 /* GoogleService-Info (1).plist in Resources */,
			);
			runOnlyForDeploymentPostprocessing = 0;
		};
/* End PBXResourcesBuildPhase section */

/* Begin PBXShellScriptBuildPhase section */
		02D7C244E85130905975A36E /* [CP] Check Pods Manifest.lock */ = {
			isa = PBXShellScriptBuildPhase;
			buildActionMask = 2147483647;
			files = (
			);
			inputPaths = (
			);
			name = "[CP] Check Pods Manifest.lock";
			outputPaths = (
			);
			runOnlyForDeploymentPostprocessing = 0;
			shellPath = /bin/sh;
			shellScript = "diff \"${PODS_PODFILE_DIR_PATH}/Podfile.lock\" \"${PODS_ROOT}/Manifest.lock\" > /dev/null\nif [ $? != 0 ] ; then\n    # print error to STDERR\n    echo \"error: The sandbox is not in sync with the Podfile.lock. Run 'pod install' or update your CocoaPods installation.\" >&2\n    exit 1\nfi\n";
			showEnvVarsInLog = 0;
		};
		C4FE50DDE0754A7EC4ECC88A /* [CP] Embed Pods Frameworks */ = {
			isa = PBXShellScriptBuildPhase;
			buildActionMask = 2147483647;
			files = (
			);
			inputPaths = (
			);
			name = "[CP] Embed Pods Frameworks";
			outputPaths = (
			);
			runOnlyForDeploymentPostprocessing = 0;
			shellPath = /bin/sh;
			shellScript = "\"${SRCROOT}/Pods/Target Support Files/Pods-NewProject/Pods-NewProject-frameworks.sh\"\n";
			showEnvVarsInLog = 0;
		};
		F229E00EFCF027EE533BE852 /* [CP] Copy Pods Resources */ = {
			isa = PBXShellScriptBuildPhase;
			buildActionMask = 2147483647;
			files = (
			);
			inputPaths = (
			);
			name = "[CP] Copy Pods Resources";
			outputPaths = (
			);
			runOnlyForDeploymentPostprocessing = 0;
			shellPath = /bin/sh;
			shellScript = "\"${SRCROOT}/Pods/Target Support Files/Pods-NewProject/Pods-NewProject-resources.sh\"\n";
			showEnvVarsInLog = 0;
		};
/* End PBXShellScriptBuildPhase section */

/* Begin PBXSourcesBuildPhase section */
		BADB0A2A1EEC083C009C4206 /* Sources */ = {
			isa = PBXSourcesBuildPhase;
			buildActionMask = 2147483647;
			files = (
				BADB0A481EEC0AE7009C4206 /* SideScrollViewController.swift in Sources */,
				BADB0A441EEC098C009C4206 /* HomePageViewController.swift in Sources */,
				BA971BDB1EF439C700226A99 /* Delay.swift in Sources */,
				BA971BDF1EF4475700226A99 /* Table View Cell Model.swift in Sources */,
				BA971BE11EF4488000226A99 /* File.swift in Sources */,
				BADB0A341EEC083C009C4206 /* LoginViewController.swift in Sources */,
				BA971BD91EF42FC200226A99 /* BufferPageViewController.swift in Sources */,
				BADB0A4A1EEC0F6A009C4206 /* TableViewController.swift in Sources */,
				BADB0A321EEC083C009C4206 /* AppDelegate.swift in Sources */,
			);
			runOnlyForDeploymentPostprocessing = 0;
		};
/* End PBXSourcesBuildPhase section */

/* Begin PBXVariantGroup section */
		BADB0A351EEC083C009C4206 /* Main.storyboard */ = {
			isa = PBXVariantGroup;
			children = (
				BADB0A361EEC083C009C4206 /* Base */,
			);
			name = Main.storyboard;
			sourceTree = "<group>";
		};
		BADB0A3A1EEC083C009C4206 /* LaunchScreen.storyboard */ = {
			isa = PBXVariantGroup;
			children = (
				BADB0A3B1EEC083C009C4206 /* Base */,
			);
			name = LaunchScreen.storyboard;
			sourceTree = "<group>";
		};
/* End PBXVariantGroup section */

/* Begin XCBuildConfiguration section */
		BADB0A3E1EEC083C009C4206 /* Debug */ = {
			isa = XCBuildConfiguration;
			buildSettings = {
				ALWAYS_SEARCH_USER_PATHS = NO;
				CLANG_ANALYZER_NONNULL = YES;
				CLANG_ANALYZER_NUMBER_OBJECT_CONVERSION = YES_AGGRESSIVE;
				CLANG_CXX_LANGUAGE_STANDARD = "gnu++0x";
				CLANG_CXX_LIBRARY = "libc++";
				CLANG_ENABLE_MODULES = YES;
				CLANG_ENABLE_OBJC_ARC = YES;
				CLANG_WARN_BOOL_CONVERSION = YES;
				CLANG_WARN_CONSTANT_CONVERSION = YES;
				CLANG_WARN_DIRECT_OBJC_ISA_USAGE = YES_ERROR;
				CLANG_WARN_DOCUMENTATION_COMMENTS = YES;
				CLANG_WARN_EMPTY_BODY = YES;
				CLANG_WARN_ENUM_CONVERSION = YES;
				CLANG_WARN_INFINITE_RECURSION = YES;
				CLANG_WARN_INT_CONVERSION = YES;
				CLANG_WARN_OBJC_ROOT_CLASS = YES_ERROR;
				CLANG_WARN_SUSPICIOUS_MOVE = YES;
				CLANG_WARN_UNREACHABLE_CODE = YES;
				CLANG_WARN__DUPLICATE_METHOD_MATCH = YES;
				"CODE_SIGN_IDENTITY[sdk=iphoneos*]" = "iPhone Developer";
				COPY_PHASE_STRIP = NO;
				DEBUG_INFORMATION_FORMAT = dwarf;
				ENABLE_STRICT_OBJC_MSGSEND = YES;
				ENABLE_TESTABILITY = YES;
				GCC_C_LANGUAGE_STANDARD = gnu99;
				GCC_DYNAMIC_NO_PIC = NO;
				GCC_NO_COMMON_BLOCKS = YES;
				GCC_OPTIMIZATION_LEVEL = 0;
				GCC_PREPROCESSOR_DEFINITIONS = (
					"DEBUG=1",
					"$(inherited)",
				);
				GCC_WARN_64_TO_32_BIT_CONVERSION = YES;
				GCC_WARN_ABOUT_RETURN_TYPE = YES_ERROR;
				GCC_WARN_UNDECLARED_SELECTOR = YES;
				GCC_WARN_UNINITIALIZED_AUTOS = YES_AGGRESSIVE;
				GCC_WARN_UNUSED_FUNCTION = YES;
				GCC_WARN_UNUSED_VARIABLE = YES;
				IPHONEOS_DEPLOYMENT_TARGET = 10.3;
				MTL_ENABLE_DEBUG_INFO = YES;
				ONLY_ACTIVE_ARCH = YES;
				SDKROOT = iphoneos;
				SWIFT_ACTIVE_COMPILATION_CONDITIONS = DEBUG;
				SWIFT_OPTIMIZATION_LEVEL = "-Onone";
				TARGETED_DEVICE_FAMILY = "1,2";
			};
			name = Debug;
		};
		BADB0A3F1EEC083C009C4206 /* Release */ = {
			isa = XCBuildConfiguration;
			buildSettings = {
				ALWAYS_SEARCH_USER_PATHS = NO;
				CLANG_ANALYZER_NONNULL = YES;
				CLANG_ANALYZER_NUMBER_OBJECT_CONVERSION = YES_AGGRESSIVE;
				CLANG_CXX_LANGUAGE_STANDARD = "gnu++0x";
				CLANG_CXX_LIBRARY = "libc++";
				CLANG_ENABLE_MODULES = YES;
				CLANG_ENABLE_OBJC_ARC = YES;
				CLANG_WARN_BOOL_CONVERSION = YES;
				CLANG_WARN_CONSTANT_CONVERSION = YES;
				CLANG_WARN_DIRECT_OBJC_ISA_USAGE = YES_ERROR;
				CLANG_WARN_DOCUMENTATION_COMMENTS = YES;
				CLANG_WARN_EMPTY_BODY = YES;
				CLANG_WARN_ENUM_CONVERSION = YES;
				CLANG_WARN_INFINITE_RECURSION = YES;
				CLANG_WARN_INT_CONVERSION = YES;
				CLANG_WARN_OBJC_ROOT_CLASS = YES_ERROR;
				CLANG_WARN_SUSPICIOUS_MOVE = YES;
				CLANG_WARN_UNREACHABLE_CODE = YES;
				CLANG_WARN__DUPLICATE_METHOD_MATCH = YES;
				"CODE_SIGN_IDENTITY[sdk=iphoneos*]" = "iPhone Developer";
				COPY_PHASE_STRIP = NO;
				DEBUG_INFORMATION_FORMAT = "dwarf-with-dsym";
				ENABLE_NS_ASSERTIONS = NO;
				ENABLE_STRICT_OBJC_MSGSEND = YES;
				GCC_C_LANGUAGE_STANDARD = gnu99;
				GCC_NO_COMMON_BLOCKS = YES;
				GCC_WARN_64_TO_32_BIT_CONVERSION = YES;
				GCC_WARN_ABOUT_RETURN_TYPE = YES_ERROR;
				GCC_WARN_UNDECLARED_SELECTOR = YES;
				GCC_WARN_UNINITIALIZED_AUTOS = YES_AGGRESSIVE;
				GCC_WARN_UNUSED_FUNCTION = YES;
				GCC_WARN_UNUSED_VARIABLE = YES;
				IPHONEOS_DEPLOYMENT_TARGET = 10.3;
				MTL_ENABLE_DEBUG_INFO = NO;
				SDKROOT = iphoneos;
				SWIFT_OPTIMIZATION_LEVEL = "-Owholemodule";
				TARGETED_DEVICE_FAMILY = "1,2";
				VALIDATE_PRODUCT = YES;
			};
			name = Release;
		};
		BADB0A411EEC083D009C4206 /* Debug */ = {
			isa = XCBuildConfiguration;
			baseConfigurationReference = 965D2405DECD23521ECD2F78 /* Pods-NewProject.debug.xcconfig */;
			buildSettings = {
				ASSETCATALOG_COMPILER_APPICON_NAME = AppIcon;
				INFOPLIST_FILE = NewProject/Info.plist;
				LD_RUNPATH_SEARCH_PATHS = "$(inherited) @executable_path/Frameworks";
				PRODUCT_BUNDLE_IDENTIFIER = "hweelin-yeo.NewProject";
				PRODUCT_NAME = "$(TARGET_NAME)";
				SWIFT_VERSION = 3.0;
			};
			name = Debug;
		};
		BADB0A421EEC083D009C4206 /* Release */ = {
			isa = XCBuildConfiguration;
			baseConfigurationReference = 9E2554E500B593A452580DA4 /* Pods-NewProject.release.xcconfig */;
			buildSettings = {
				ASSETCATALOG_COMPILER_APPICON_NAME = AppIcon;
				INFOPLIST_FILE = NewProject/Info.plist;
				LD_RUNPATH_SEARCH_PATHS = "$(inherited) @executable_path/Frameworks";
				PRODUCT_BUNDLE_IDENTIFIER = "hweelin-yeo.NewProject";
				PRODUCT_NAME = "$(TARGET_NAME)";
				SWIFT_VERSION = 3.0;
			};
			name = Release;
		};
/* End XCBuildConfiguration section */

/* Begin XCConfigurationList section */
		BADB0A291EEC083C009C4206 /* Build configuration list for PBXProject "NewProject" */ = {
			isa = XCConfigurationList;
			buildConfigurations = (
				BADB0A3E1EEC083C009C4206 /* Debug */,
				BADB0A3F1EEC083C009C4206 /* Release */,
			);
			defaultConfigurationIsVisible = 0;
			defaultConfigurationName = Release;
		};
		BADB0A401EEC083D009C4206 /* Build configuration list for PBXNativeTarget "NewProject" */ = {
			isa = XCConfigurationList;
			buildConfigurations = (
				BADB0A411EEC083D009C4206 /* Debug */,
				BADB0A421EEC083D009C4206 /* Release */,
			);
			defaultConfigurationIsVisible = 0;
			defaultConfigurationName = Release;
		};
/* End XCConfigurationList section */
	};
	rootObject = BADB0A261EEC083C009C4206 /* Project object */;
}
